// !$*UTF8*$!
{
	archiveVersion = 1;
	classes = {
	};
	objectVersion = 56;
	objects = {

/* Begin PBXBuildFile section */
		C357F7712CA2CD9F005E1950 /* AppDelegate.swift in Sources */ = {isa = PBXBuildFile; fileRef = C357F7702CA2CD9F005E1950 /* AppDelegate.swift */; };
		C357F7742CA2CD9F005E1950 /* Base in Resources */ = {isa = PBXBuildFile; fileRef = C357F7732CA2CD9F005E1950 /* Base */; };
		C357F7862CA2CD9F005E1950 /* Paperlib Extension Extension.appex in Embed Foundation Extensions */ = {isa = PBXBuildFile; fileRef = C357F7852CA2CD9F005E1950 /* Paperlib Extension Extension.appex */; settings = {ATTRIBUTES = (RemoveHeadersOnCopy, ); }; };
		C357F78D2CA2CD9F005E1950 /* Base in Resources */ = {isa = PBXBuildFile; fileRef = C357F7502CA2CD9E005E1950 /* Base */; };
		C357F78F2CA2CD9F005E1950 /* Icon.png in Resources */ = {isa = PBXBuildFile; fileRef = C357F7512CA2CD9E005E1950 /* Icon.png */; };
		C357F7912CA2CD9F005E1950 /* Style.css in Resources */ = {isa = PBXBuildFile; fileRef = C357F7522CA2CD9E005E1950 /* Style.css */; };
		C357F7932CA2CD9F005E1950 /* Script.js in Resources */ = {isa = PBXBuildFile; fileRef = C357F7532CA2CD9E005E1950 /* Script.js */; };
		C357F7952CA2CD9F005E1950 /* ViewController.swift in Sources */ = {isa = PBXBuildFile; fileRef = C357F7542CA2CD9E005E1950 /* ViewController.swift */; };
		C357F7972CA2CD9F005E1950 /* Assets.xcassets in Resources */ = {isa = PBXBuildFile; fileRef = C357F7552CA2CD9F005E1950 /* Assets.xcassets */; };
		C357F7992CA2CD9F005E1950 /* SafariWebExtensionHandler.swift in Sources */ = {isa = PBXBuildFile; fileRef = C357F7572CA2CD9F005E1950 /* SafariWebExtensionHandler.swift */; };
		C357F7B22CA2CD9F005E1950 /* icon16.png in Resources */ = {isa = PBXBuildFile; fileRef = C357F7AB2CA2CD9F005E1950 /* icon16.png */; };
		C357F7B32CA2CD9F005E1950 /* service-worker-loader.js in Resources */ = {isa = PBXBuildFile; fileRef = C357F7AC2CA2CD9F005E1950 /* service-worker-loader.js */; };
		C357F7B42CA2CD9F005E1950 /* icon48.png in Resources */ = {isa = PBXBuildFile; fileRef = C357F7AD2CA2CD9F005E1950 /* icon48.png */; };
		C357F7B52CA2CD9F005E1950 /* icon128.png in Resources */ = {isa = PBXBuildFile; fileRef = C357F7AE2CA2CD9F005E1950 /* icon128.png */; };
		C357F7B62CA2CD9F005E1950 /* manifest.json in Resources */ = {isa = PBXBuildFile; fileRef = C357F7AF2CA2CD9F005E1950 /* manifest.json */; };
		C357F7B72CA2CD9F005E1950 /* assets in Resources */ = {isa = PBXBuildFile; fileRef = C357F7B02CA2CD9F005E1950 /* assets */; };
		C357F7B82CA2CD9F005E1950 /* src in Resources */ = {isa = PBXBuildFile; fileRef = C357F7B12CA2CD9F005E1950 /* src */; };
/* End PBXBuildFile section */

/* Begin PBXContainerItemProxy section */
		C357F7872CA2CD9F005E1950 /* PBXContainerItemProxy */ = {
			isa = PBXContainerItemProxy;
			containerPortal = C357F7492CA2CD9E005E1950 /* Project object */;
			proxyType = 1;
			remoteGlobalIDString = C357F7842CA2CD9F005E1950;
			remoteInfo = "Paperlib Extension Extension (macOS)";
		};
/* End PBXContainerItemProxy section */

/* Begin PBXCopyFilesBuildPhase section */
		C357F7A62CA2CD9F005E1950 /* Embed Foundation Extensions */ = {
			isa = PBXCopyFilesBuildPhase;
			buildActionMask = 2147483647;
			dstPath = "";
			dstSubfolderSpec = 13;
			files = (
				C357F7862CA2CD9F005E1950 /* Paperlib Extension Extension.appex in Embed Foundation Extensions */,
			);
			name = "Embed Foundation Extensions";
			runOnlyForDeploymentPostprocessing = 0;
		};
/* End PBXCopyFilesBuildPhase section */

/* Begin PBXFileReference section */
		C357F7502CA2CD9E005E1950 /* Base */ = {isa = PBXFileReference; lastKnownFileType = text.html; name = Base; path = ../Base.lproj/Main.html; sourceTree = "<group>"; };
		C357F7512CA2CD9E005E1950 /* Icon.png */ = {isa = PBXFileReference; lastKnownFileType = image.png; path = Icon.png; sourceTree = "<group>"; };
		C357F7522CA2CD9E005E1950 /* Style.css */ = {isa = PBXFileReference; lastKnownFileType = text.css; path = Style.css; sourceTree = "<group>"; };
		C357F7532CA2CD9E005E1950 /* Script.js */ = {isa = PBXFileReference; lastKnownFileType = sourcecode.javascript; path = Script.js; sourceTree = "<group>"; };
		C357F7542CA2CD9E005E1950 /* ViewController.swift */ = {isa = PBXFileReference; lastKnownFileType = sourcecode.swift; path = ViewController.swift; sourceTree = "<group>"; };
		C357F7552CA2CD9F005E1950 /* Assets.xcassets */ = {isa = PBXFileReference; lastKnownFileType = folder.assetcatalog; path = Assets.xcassets; sourceTree = "<group>"; };
		C357F7572CA2CD9F005E1950 /* SafariWebExtensionHandler.swift */ = {isa = PBXFileReference; lastKnownFileType = sourcecode.swift; path = SafariWebExtensionHandler.swift; sourceTree = "<group>"; };
		C357F76E2CA2CD9F005E1950 /* Paperlib Extension.app */ = {isa = PBXFileReference; explicitFileType = wrapper.application; includeInIndex = 0; path = "Paperlib Extension.app"; sourceTree = BUILT_PRODUCTS_DIR; };
		C357F7702CA2CD9F005E1950 /* AppDelegate.swift */ = {isa = PBXFileReference; lastKnownFileType = sourcecode.swift; path = AppDelegate.swift; sourceTree = "<group>"; };
		C357F7732CA2CD9F005E1950 /* Base */ = {isa = PBXFileReference; lastKnownFileType = file.storyboard; name = Base; path = Base.lproj/Main.storyboard; sourceTree = "<group>"; };
		C357F7752CA2CD9F005E1950 /* Info.plist */ = {isa = PBXFileReference; lastKnownFileType = text.plist.xml; path = Info.plist; sourceTree = "<group>"; };
		C357F7762CA2CD9F005E1950 /* Paperlib Extension.entitlements */ = {isa = PBXFileReference; lastKnownFileType = text.plist.entitlements; path = "Paperlib Extension.entitlements"; sourceTree = "<group>"; };
		C357F7852CA2CD9F005E1950 /* Paperlib Extension Extension.appex */ = {isa = PBXFileReference; explicitFileType = "wrapper.app-extension"; includeInIndex = 0; path = "Paperlib Extension Extension.appex"; sourceTree = BUILT_PRODUCTS_DIR; };
		C357F78A2CA2CD9F005E1950 /* Info.plist */ = {isa = PBXFileReference; lastKnownFileType = text.plist.xml; path = Info.plist; sourceTree = "<group>"; };
		C357F78B2CA2CD9F005E1950 /* Paperlib Extension.entitlements */ = {isa = PBXFileReference; lastKnownFileType = text.plist.entitlements; path = "Paperlib Extension.entitlements"; sourceTree = "<group>"; };
		C357F7AB2CA2CD9F005E1950 /* icon16.png */ = {isa = PBXFileReference; lastKnownFileType = image.png; name = icon16.png; path = ../../dist/icon16.png; sourceTree = "<group>"; };
		C357F7AC2CA2CD9F005E1950 /* service-worker-loader.js */ = {isa = PBXFileReference; lastKnownFileType = sourcecode.javascript; name = "service-worker-loader.js"; path = "../../dist/service-worker-loader.js"; sourceTree = "<group>"; };
		C357F7AD2CA2CD9F005E1950 /* icon48.png */ = {isa = PBXFileReference; lastKnownFileType = image.png; name = icon48.png; path = ../../dist/icon48.png; sourceTree = "<group>"; };
		C357F7AE2CA2CD9F005E1950 /* icon128.png */ = {isa = PBXFileReference; lastKnownFileType = image.png; name = icon128.png; path = ../../dist/icon128.png; sourceTree = "<group>"; };
		C357F7AF2CA2CD9F005E1950 /* manifest.json */ = {isa = PBXFileReference; lastKnownFileType = text.json; name = manifest.json; path = ../../dist/manifest.json; sourceTree = "<group>"; };
		C357F7B02CA2CD9F005E1950 /* assets */ = {isa = PBXFileReference; lastKnownFileType = folder; name = assets; path = ../../dist/assets; sourceTree = "<group>"; };
		C357F7B12CA2CD9F005E1950 /* src */ = {isa = PBXFileReference; lastKnownFileType = folder; name = src; path = ../../dist/src; sourceTree = "<group>"; };
/* End PBXFileReference section */

/* Begin PBXFrameworksBuildPhase section */
		C357F76B2CA2CD9F005E1950 /* Frameworks */ = {
			isa = PBXFrameworksBuildPhase;
			buildActionMask = 2147483647;
			files = (
			);
			runOnlyForDeploymentPostprocessing = 0;
		};
		C357F7822CA2CD9F005E1950 /* Frameworks */ = {
			isa = PBXFrameworksBuildPhase;
			buildActionMask = 2147483647;
			files = (
			);
			runOnlyForDeploymentPostprocessing = 0;
		};
/* End PBXFrameworksBuildPhase section */

/* Begin PBXGroup section */
		C357F7482CA2CD9E005E1950 = {
			isa = PBXGroup;
			children = (
				C357F74D2CA2CD9E005E1950 /* Shared (App) */,
				C357F7562CA2CD9F005E1950 /* Shared (Extension) */,
				C357F76F2CA2CD9F005E1950 /* macOS (App) */,
				C357F7892CA2CD9F005E1950 /* macOS (Extension) */,
				C357F75D2CA2CD9F005E1950 /* Products */,
			);
			sourceTree = "<group>";
		};
		C357F74D2CA2CD9E005E1950 /* Shared (App) */ = {
			isa = PBXGroup;
			children = (
				C357F7542CA2CD9E005E1950 /* ViewController.swift */,
				C357F7552CA2CD9F005E1950 /* Assets.xcassets */,
				C357F74E2CA2CD9E005E1950 /* Resources */,
			);
			path = "Shared (App)";
			sourceTree = "<group>";
		};
		C357F74E2CA2CD9E005E1950 /* Resources */ = {
			isa = PBXGroup;
			children = (
				C357F74F2CA2CD9E005E1950 /* Main.html */,
				C357F7512CA2CD9E005E1950 /* Icon.png */,
				C357F7522CA2CD9E005E1950 /* Style.css */,
				C357F7532CA2CD9E005E1950 /* Script.js */,
			);
			path = Resources;
			sourceTree = "<group>";
		};
		C357F7562CA2CD9F005E1950 /* Shared (Extension) */ = {
			isa = PBXGroup;
			children = (
				C357F7AA2CA2CD9F005E1950 /* Resources */,
				C357F7572CA2CD9F005E1950 /* SafariWebExtensionHandler.swift */,
			);
			path = "Shared (Extension)";
			sourceTree = "<group>";
		};
		C357F75D2CA2CD9F005E1950 /* Products */ = {
			isa = PBXGroup;
			children = (
				C357F76E2CA2CD9F005E1950 /* Paperlib Extension.app */,
				C357F7852CA2CD9F005E1950 /* Paperlib Extension Extension.appex */,
			);
			name = Products;
			sourceTree = "<group>";
		};
		C357F76F2CA2CD9F005E1950 /* macOS (App) */ = {
			isa = PBXGroup;
			children = (
				C357F7702CA2CD9F005E1950 /* AppDelegate.swift */,
				C357F7722CA2CD9F005E1950 /* Main.storyboard */,
				C357F7752CA2CD9F005E1950 /* Info.plist */,
				C357F7762CA2CD9F005E1950 /* Paperlib Extension.entitlements */,
			);
			path = "macOS (App)";
			sourceTree = "<group>";
		};
		C357F7892CA2CD9F005E1950 /* macOS (Extension) */ = {
			isa = PBXGroup;
			children = (
				C357F78A2CA2CD9F005E1950 /* Info.plist */,
				C357F78B2CA2CD9F005E1950 /* Paperlib Extension.entitlements */,
			);
			path = "macOS (Extension)";
			sourceTree = "<group>";
		};
		C357F7AA2CA2CD9F005E1950 /* Resources */ = {
			isa = PBXGroup;
			children = (
				C357F7AB2CA2CD9F005E1950 /* icon16.png */,
				C357F7AC2CA2CD9F005E1950 /* service-worker-loader.js */,
				C357F7AD2CA2CD9F005E1950 /* icon48.png */,
				C357F7AE2CA2CD9F005E1950 /* icon128.png */,
				C357F7AF2CA2CD9F005E1950 /* manifest.json */,
				C357F7B02CA2CD9F005E1950 /* assets */,
				C357F7B12CA2CD9F005E1950 /* src */,
			);
			name = Resources;
			path = "Shared (Extension)";
			sourceTree = SOURCE_ROOT;
		};
/* End PBXGroup section */

/* Begin PBXNativeTarget section */
		C357F76D2CA2CD9F005E1950 /* Paperlib Extension (macOS) */ = {
			isa = PBXNativeTarget;
			buildConfigurationList = C357F7A72CA2CD9F005E1950 /* Build configuration list for PBXNativeTarget "Paperlib Extension (macOS)" */;
			buildPhases = (
				C357F76A2CA2CD9F005E1950 /* Sources */,
				C357F76B2CA2CD9F005E1950 /* Frameworks */,
				C357F76C2CA2CD9F005E1950 /* Resources */,
				C357F7A62CA2CD9F005E1950 /* Embed Foundation Extensions */,
			);
			buildRules = (
			);
			dependencies = (
				C357F7882CA2CD9F005E1950 /* PBXTargetDependency */,
			);
			name = "Paperlib Extension (macOS)";
			productName = "Paperlib Extension (macOS)";
			productReference = C357F76E2CA2CD9F005E1950 /* Paperlib Extension.app */;
			productType = "com.apple.product-type.application";
		};
		C357F7842CA2CD9F005E1950 /* Paperlib Extension Extension (macOS) */ = {
			isa = PBXNativeTarget;
			buildConfigurationList = C357F7A32CA2CD9F005E1950 /* Build configuration list for PBXNativeTarget "Paperlib Extension Extension (macOS)" */;
			buildPhases = (
				C357F7812CA2CD9F005E1950 /* Sources */,
				C357F7822CA2CD9F005E1950 /* Frameworks */,
				C357F7832CA2CD9F005E1950 /* Resources */,
			);
			buildRules = (
			);
			dependencies = (
			);
			name = "Paperlib Extension Extension (macOS)";
			productName = "Paperlib Extension Extension (macOS)";
			productReference = C357F7852CA2CD9F005E1950 /* Paperlib Extension Extension.appex */;
			productType = "com.apple.product-type.app-extension";
		};
/* End PBXNativeTarget section */

/* Begin PBXProject section */
		C357F7492CA2CD9E005E1950 /* Project object */ = {
			isa = PBXProject;
			attributes = {
				BuildIndependentTargetsInParallel = 1;
				LastSwiftUpdateCheck = 1540;
				LastUpgradeCheck = 1540;
				TargetAttributes = {
					C357F76D2CA2CD9F005E1950 = {
						CreatedOnToolsVersion = 15.4;
					};
					C357F7842CA2CD9F005E1950 = {
						CreatedOnToolsVersion = 15.4;
					};
				};
			};
			buildConfigurationList = C357F74C2CA2CD9E005E1950 /* Build configuration list for PBXProject "Paperlib Extension" */;
			compatibilityVersion = "Xcode 14.0";
			developmentRegion = en;
			hasScannedForEncodings = 0;
			knownRegions = (
				en,
				Base,
			);
			mainGroup = C357F7482CA2CD9E005E1950;
			productRefGroup = C357F75D2CA2CD9F005E1950 /* Products */;
			projectDirPath = "";
			projectRoot = "";
			targets = (
				C357F76D2CA2CD9F005E1950 /* Paperlib Extension (macOS) */,
				C357F7842CA2CD9F005E1950 /* Paperlib Extension Extension (macOS) */,
			);
		};
/* End PBXProject section */

/* Begin PBXResourcesBuildPhase section */
		C357F76C2CA2CD9F005E1950 /* Resources */ = {
			isa = PBXResourcesBuildPhase;
			buildActionMask = 2147483647;
			files = (
				C357F78F2CA2CD9F005E1950 /* Icon.png in Resources */,
				C357F7912CA2CD9F005E1950 /* Style.css in Resources */,
				C357F7742CA2CD9F005E1950 /* Base in Resources */,
				C357F7932CA2CD9F005E1950 /* Script.js in Resources */,
				C357F7972CA2CD9F005E1950 /* Assets.xcassets in Resources */,
				C357F78D2CA2CD9F005E1950 /* Base in Resources */,
			);
			runOnlyForDeploymentPostprocessing = 0;
		};
		C357F7832CA2CD9F005E1950 /* Resources */ = {
			isa = PBXResourcesBuildPhase;
			buildActionMask = 2147483647;
			files = (
				C357F7B22CA2CD9F005E1950 /* icon16.png in Resources */,
				C357F7B32CA2CD9F005E1950 /* service-worker-loader.js in Resources */,
				C357F7B62CA2CD9F005E1950 /* manifest.json in Resources */,
				C357F7B72CA2CD9F005E1950 /* assets in Resources */,
				C357F7B52CA2CD9F005E1950 /* icon128.png in Resources */,
				C357F7B82CA2CD9F005E1950 /* src in Resources */,
				C357F7B42CA2CD9F005E1950 /* icon48.png in Resources */,
			);
			runOnlyForDeploymentPostprocessing = 0;
		};
/* End PBXResourcesBuildPhase section */

/* Begin PBXSourcesBuildPhase section */
		C357F76A2CA2CD9F005E1950 /* Sources */ = {
			isa = PBXSourcesBuildPhase;
			buildActionMask = 2147483647;
			files = (
				C357F7952CA2CD9F005E1950 /* ViewController.swift in Sources */,
				C357F7712CA2CD9F005E1950 /* AppDelegate.swift in Sources */,
			);
			runOnlyForDeploymentPostprocessing = 0;
		};
		C357F7812CA2CD9F005E1950 /* Sources */ = {
			isa = PBXSourcesBuildPhase;
			buildActionMask = 2147483647;
			files = (
				C357F7992CA2CD9F005E1950 /* SafariWebExtensionHandler.swift in Sources */,
			);
			runOnlyForDeploymentPostprocessing = 0;
		};
/* End PBXSourcesBuildPhase section */

/* Begin PBXTargetDependency section */
		C357F7882CA2CD9F005E1950 /* PBXTargetDependency */ = {
			isa = PBXTargetDependency;
			target = C357F7842CA2CD9F005E1950 /* Paperlib Extension Extension (macOS) */;
			targetProxy = C357F7872CA2CD9F005E1950 /* PBXContainerItemProxy */;
		};
/* End PBXTargetDependency section */

/* Begin PBXVariantGroup section */
		C357F74F2CA2CD9E005E1950 /* Main.html */ = {
			isa = PBXVariantGroup;
			children = (
				C357F7502CA2CD9E005E1950 /* Base */,
			);
			name = Main.html;
			sourceTree = "<group>";
		};
		C357F7722CA2CD9F005E1950 /* Main.storyboard */ = {
			isa = PBXVariantGroup;
			children = (
				C357F7732CA2CD9F005E1950 /* Base */,
			);
			name = Main.storyboard;
			sourceTree = "<group>";
		};
/* End PBXVariantGroup section */

/* Begin XCBuildConfiguration section */
		C357F79A2CA2CD9F005E1950 /* Debug */ = {
			isa = XCBuildConfiguration;
			buildSettings = {
				ALWAYS_SEARCH_USER_PATHS = NO;
				ASSETCATALOG_COMPILER_GENERATE_SWIFT_ASSET_SYMBOL_EXTENSIONS = YES;
				CLANG_ANALYZER_NONNULL = YES;
				CLANG_ANALYZER_NUMBER_OBJECT_CONVERSION = YES_AGGRESSIVE;
				CLANG_CXX_LANGUAGE_STANDARD = "gnu++20";
				CLANG_ENABLE_MODULES = YES;
				CLANG_ENABLE_OBJC_ARC = YES;
				CLANG_ENABLE_OBJC_WEAK = YES;
				CLANG_WARN_BLOCK_CAPTURE_AUTORELEASING = YES;
				CLANG_WARN_BOOL_CONVERSION = YES;
				CLANG_WARN_COMMA = YES;
				CLANG_WARN_CONSTANT_CONVERSION = YES;
				CLANG_WARN_DEPRECATED_OBJC_IMPLEMENTATIONS = YES;
				CLANG_WARN_DIRECT_OBJC_ISA_USAGE = YES_ERROR;
				CLANG_WARN_DOCUMENTATION_COMMENTS = YES;
				CLANG_WARN_EMPTY_BODY = YES;
				CLANG_WARN_ENUM_CONVERSION = YES;
				CLANG_WARN_INFINITE_RECURSION = YES;
				CLANG_WARN_INT_CONVERSION = YES;
				CLANG_WARN_NON_LITERAL_NULL_CONVERSION = YES;
				CLANG_WARN_OBJC_IMPLICIT_RETAIN_SELF = YES;
				CLANG_WARN_OBJC_LITERAL_CONVERSION = YES;
				CLANG_WARN_OBJC_ROOT_CLASS = YES_ERROR;
				CLANG_WARN_QUOTED_INCLUDE_IN_FRAMEWORK_HEADER = YES;
				CLANG_WARN_RANGE_LOOP_ANALYSIS = YES;
				CLANG_WARN_STRICT_PROTOTYPES = YES;
				CLANG_WARN_SUSPICIOUS_MOVE = YES;
				CLANG_WARN_UNGUARDED_AVAILABILITY = YES_AGGRESSIVE;
				CLANG_WARN_UNREACHABLE_CODE = YES;
				CLANG_WARN__DUPLICATE_METHOD_MATCH = YES;
				COPY_PHASE_STRIP = NO;
				DEBUG_INFORMATION_FORMAT = dwarf;
				ENABLE_STRICT_OBJC_MSGSEND = YES;
				ENABLE_TESTABILITY = YES;
				ENABLE_USER_SCRIPT_SANDBOXING = YES;
				GCC_C_LANGUAGE_STANDARD = gnu17;
				GCC_DYNAMIC_NO_PIC = NO;
				GCC_NO_COMMON_BLOCKS = YES;
				GCC_OPTIMIZATION_LEVEL = 0;
				GCC_PREPROCESSOR_DEFINITIONS = (
					"DEBUG=1",
					"$(inherited)",
				);
				GCC_WARN_64_TO_32_BIT_CONVERSION = YES;
				GCC_WARN_ABOUT_RETURN_TYPE = YES_ERROR;
				GCC_WARN_UNDECLARED_SELECTOR = YES;
				GCC_WARN_UNINITIALIZED_AUTOS = YES_AGGRESSIVE;
				GCC_WARN_UNUSED_FUNCTION = YES;
				GCC_WARN_UNUSED_VARIABLE = YES;
				LOCALIZATION_PREFERS_STRING_CATALOGS = YES;
				MTL_ENABLE_DEBUG_INFO = INCLUDE_SOURCE;
				MTL_FAST_MATH = YES;
				ONLY_ACTIVE_ARCH = YES;
				SWIFT_ACTIVE_COMPILATION_CONDITIONS = "DEBUG $(inherited)";
				SWIFT_OPTIMIZATION_LEVEL = "-Onone";
			};
			name = Debug;
		};
		C357F79B2CA2CD9F005E1950 /* Release */ = {
			isa = XCBuildConfiguration;
			buildSettings = {
				ALWAYS_SEARCH_USER_PATHS = NO;
				ASSETCATALOG_COMPILER_GENERATE_SWIFT_ASSET_SYMBOL_EXTENSIONS = YES;
				CLANG_ANALYZER_NONNULL = YES;
				CLANG_ANALYZER_NUMBER_OBJECT_CONVERSION = YES_AGGRESSIVE;
				CLANG_CXX_LANGUAGE_STANDARD = "gnu++20";
				CLANG_ENABLE_MODULES = YES;
				CLANG_ENABLE_OBJC_ARC = YES;
				CLANG_ENABLE_OBJC_WEAK = YES;
				CLANG_WARN_BLOCK_CAPTURE_AUTORELEASING = YES;
				CLANG_WARN_BOOL_CONVERSION = YES;
				CLANG_WARN_COMMA = YES;
				CLANG_WARN_CONSTANT_CONVERSION = YES;
				CLANG_WARN_DEPRECATED_OBJC_IMPLEMENTATIONS = YES;
				CLANG_WARN_DIRECT_OBJC_ISA_USAGE = YES_ERROR;
				CLANG_WARN_DOCUMENTATION_COMMENTS = YES;
				CLANG_WARN_EMPTY_BODY = YES;
				CLANG_WARN_ENUM_CONVERSION = YES;
				CLANG_WARN_INFINITE_RECURSION = YES;
				CLANG_WARN_INT_CONVERSION = YES;
				CLANG_WARN_NON_LITERAL_NULL_CONVERSION = YES;
				CLANG_WARN_OBJC_IMPLICIT_RETAIN_SELF = YES;
				CLANG_WARN_OBJC_LITERAL_CONVERSION = YES;
				CLANG_WARN_OBJC_ROOT_CLASS = YES_ERROR;
				CLANG_WARN_QUOTED_INCLUDE_IN_FRAMEWORK_HEADER = YES;
				CLANG_WARN_RANGE_LOOP_ANALYSIS = YES;
				CLANG_WARN_STRICT_PROTOTYPES = YES;
				CLANG_WARN_SUSPICIOUS_MOVE = YES;
				CLANG_WARN_UNGUARDED_AVAILABILITY = YES_AGGRESSIVE;
				CLANG_WARN_UNREACHABLE_CODE = YES;
				CLANG_WARN__DUPLICATE_METHOD_MATCH = YES;
				COPY_PHASE_STRIP = NO;
				DEBUG_INFORMATION_FORMAT = "dwarf-with-dsym";
				ENABLE_NS_ASSERTIONS = NO;
				ENABLE_STRICT_OBJC_MSGSEND = YES;
				ENABLE_USER_SCRIPT_SANDBOXING = YES;
				GCC_C_LANGUAGE_STANDARD = gnu17;
				GCC_NO_COMMON_BLOCKS = YES;
				GCC_WARN_64_TO_32_BIT_CONVERSION = YES;
				GCC_WARN_ABOUT_RETURN_TYPE = YES_ERROR;
				GCC_WARN_UNDECLARED_SELECTOR = YES;
				GCC_WARN_UNINITIALIZED_AUTOS = YES_AGGRESSIVE;
				GCC_WARN_UNUSED_FUNCTION = YES;
				GCC_WARN_UNUSED_VARIABLE = YES;
				LOCALIZATION_PREFERS_STRING_CATALOGS = YES;
				MTL_ENABLE_DEBUG_INFO = NO;
				MTL_FAST_MATH = YES;
				SWIFT_COMPILATION_MODE = wholemodule;
			};
			name = Release;
		};
		C357F7A42CA2CD9F005E1950 /* Debug */ = {
			isa = XCBuildConfiguration;
			buildSettings = {
				CODE_SIGN_ENTITLEMENTS = "macOS (Extension)/Paperlib Extension.entitlements";
				"CODE_SIGN_IDENTITY[sdk=macosx*]" = "Apple Development";
				CODE_SIGN_STYLE = Automatic;
				CURRENT_PROJECT_VERSION = 1;
				DEVELOPMENT_TEAM = 5G866JUZ55;
				ENABLE_HARDENED_RUNTIME = YES;
				GENERATE_INFOPLIST_FILE = YES;
				INFOPLIST_FILE = "macOS (Extension)/Info.plist";
				INFOPLIST_KEY_CFBundleDisplayName = "Paperlib Extension Extension";
				INFOPLIST_KEY_NSHumanReadableCopyright = "";
				LD_RUNPATH_SEARCH_PATHS = (
					"$(inherited)",
					"@executable_path/../Frameworks",
					"@executable_path/../../../../Frameworks",
				);
				MACOSX_DEPLOYMENT_TARGET = 10.14;
				MARKETING_VERSION = 1.0;
				OTHER_LDFLAGS = (
					"-framework",
					SafariServices,
				);
				PRODUCT_BUNDLE_IDENTIFIER = "com.FutureScholars.Paperlib-Extension";
				PRODUCT_NAME = "Paperlib Extension Extension";
				SDKROOT = macosx;
				SKIP_INSTALL = YES;
				SWIFT_EMIT_LOC_STRINGS = YES;
				SWIFT_VERSION = 5.0;
			};
			name = Debug;
		};
		C357F7A52CA2CD9F005E1950 /* Release */ = {
			isa = XCBuildConfiguration;
			buildSettings = {
				CODE_SIGN_ENTITLEMENTS = "macOS (Extension)/Paperlib Extension.entitlements";
				"CODE_SIGN_IDENTITY[sdk=macosx*]" = "Apple Development";
				CODE_SIGN_STYLE = Automatic;
				CURRENT_PROJECT_VERSION = 1;
				DEVELOPMENT_TEAM = 5G866JUZ55;
				ENABLE_HARDENED_RUNTIME = YES;
				GENERATE_INFOPLIST_FILE = YES;
				INFOPLIST_FILE = "macOS (Extension)/Info.plist";
				INFOPLIST_KEY_CFBundleDisplayName = "Paperlib Extension Extension";
				INFOPLIST_KEY_NSHumanReadableCopyright = "";
				LD_RUNPATH_SEARCH_PATHS = (
					"$(inherited)",
					"@executable_path/../Frameworks",
					"@executable_path/../../../../Frameworks",
				);
				MACOSX_DEPLOYMENT_TARGET = 10.14;
				MARKETING_VERSION = 1.0;
				OTHER_LDFLAGS = (
					"-framework",
					SafariServices,
				);
				PRODUCT_BUNDLE_IDENTIFIER = "com.FutureScholars.Paperlib-Extension";
				PRODUCT_NAME = "Paperlib Extension Extension";
				SDKROOT = macosx;
				SKIP_INSTALL = YES;
				SWIFT_EMIT_LOC_STRINGS = YES;
				SWIFT_VERSION = 5.0;
			};
			name = Release;
		};
		C357F7A82CA2CD9F005E1950 /* Debug */ = {
			isa = XCBuildConfiguration;
			buildSettings = {
				ALWAYS_EMBED_SWIFT_STANDARD_LIBRARIES = YES;
				ASSETCATALOG_COMPILER_APPICON_NAME = AppIcon;
				ASSETCATALOG_COMPILER_GLOBAL_ACCENT_COLOR_NAME = AccentColor;
				CODE_SIGN_ENTITLEMENTS = "macOS (App)/Paperlib Extension.entitlements";
				"CODE_SIGN_IDENTITY[sdk=macosx*]" = "Apple Development";
				CODE_SIGN_STYLE = Automatic;
				CURRENT_PROJECT_VERSION = 1;
				DEVELOPMENT_TEAM = 5G866JUZ55;
				ENABLE_HARDENED_RUNTIME = YES;
				GENERATE_INFOPLIST_FILE = YES;
				INFOPLIST_FILE = "macOS (App)/Info.plist";
				INFOPLIST_KEY_CFBundleDisplayName = "Paperlib Extension";
				INFOPLIST_KEY_NSMainStoryboardFile = Main;
				INFOPLIST_KEY_NSPrincipalClass = NSApplication;
				LD_RUNPATH_SEARCH_PATHS = (
					"$(inherited)",
					"@executable_path/../Frameworks",
				);
				MACOSX_DEPLOYMENT_TARGET = 10.14;
				MARKETING_VERSION = 1.0.4;
				OTHER_LDFLAGS = (
					"-framework",
					SafariServices,
					"-framework",
					WebKit,
				);
				PRODUCT_BUNDLE_IDENTIFIER = "com.FutureScholars.Paperlib-Extension";
				PRODUCT_NAME = "Paperlib Extension";
				SDKROOT = macosx;
				SWIFT_EMIT_LOC_STRINGS = YES;
				SWIFT_VERSION = 5.0;
			};
			name = Debug;
		};
		C357F7A92CA2CD9F005E1950 /* Release */ = {
			isa = XCBuildConfiguration;
			buildSettings = {
				ALWAYS_EMBED_SWIFT_STANDARD_LIBRARIES = YES;
				ASSETCATALOG_COMPILER_APPICON_NAME = AppIcon;
				ASSETCATALOG_COMPILER_GLOBAL_ACCENT_COLOR_NAME = AccentColor;
				CODE_SIGN_ENTITLEMENTS = "macOS (App)/Paperlib Extension.entitlements";
				"CODE_SIGN_IDENTITY[sdk=macosx*]" = "Apple Development";
				CODE_SIGN_STYLE = Automatic;
				CURRENT_PROJECT_VERSION = 1;
				DEVELOPMENT_TEAM = 5G866JUZ55;
				ENABLE_HARDENED_RUNTIME = YES;
				GENERATE_INFOPLIST_FILE = YES;
				INFOPLIST_FILE = "macOS (App)/Info.plist";
				INFOPLIST_KEY_CFBundleDisplayName = "Paperlib Extension";
				INFOPLIST_KEY_NSMainStoryboardFile = Main;
				INFOPLIST_KEY_NSPrincipalClass = NSApplication;
				LD_RUNPATH_SEARCH_PATHS = (
					"$(inherited)",
					"@executable_path/../Frameworks",
				);
				MACOSX_DEPLOYMENT_TARGET = 10.14;
				MARKETING_VERSION = 1.0.4;
				OTHER_LDFLAGS = (
					"-framework",
					SafariServices,
					"-framework",
					WebKit,
				);
				PRODUCT_BUNDLE_IDENTIFIER = "com.FutureScholars.Paperlib-Extension";
				PRODUCT_NAME = "Paperlib Extension";
				SDKROOT = macosx;
				SWIFT_EMIT_LOC_STRINGS = YES;
				SWIFT_VERSION = 5.0;
			};
			name = Release;
		};
/* End XCBuildConfiguration section */

/* Begin XCConfigurationList section */
		C357F74C2CA2CD9E005E1950 /* Build configuration list for PBXProject "Paperlib Extension" */ = {
			isa = XCConfigurationList;
			buildConfigurations = (
				C357F79A2CA2CD9F005E1950 /* Debug */,
				C357F79B2CA2CD9F005E1950 /* Release */,
			);
			defaultConfigurationIsVisible = 0;
			defaultConfigurationName = Release;
		};
		C357F7A32CA2CD9F005E1950 /* Build configuration list for PBXNativeTarget "Paperlib Extension Extension (macOS)" */ = {
			isa = XCConfigurationList;
			buildConfigurations = (
				C357F7A42CA2CD9F005E1950 /* Debug */,
				C357F7A52CA2CD9F005E1950 /* Release */,
			);
			defaultConfigurationIsVisible = 0;
			defaultConfigurationName = Release;
		};
		C357F7A72CA2CD9F005E1950 /* Build configuration list for PBXNativeTarget "Paperlib Extension (macOS)" */ = {
			isa = XCConfigurationList;
			buildConfigurations = (
				C357F7A82CA2CD9F005E1950 /* Debug */,
				C357F7A92CA2CD9F005E1950 /* Release */,
			);
			defaultConfigurationIsVisible = 0;
			defaultConfigurationName = Release;
		};
/* End XCConfigurationList section */
	};
	rootObject = C357F7492CA2CD9E005E1950 /* Project object */;
}
